{
  "originHash" : "3993fcf226948d7413aa9ee312f235fc51053228be618c7253bff70c6c2ab635",
  "pins" : [
    {
      "identity" : "frida-swift",
      "kind" : "remoteSourceControl",
      "location" : "https://github.com/frida/frida-swift",
      "state" : {
        "branch" : "main",
        "revision" : "8c570dda5e282a1de679301301ca75c8ea962d54"
      }
    },
    {
      "identity" : "gir2swift",
      "kind" : "remoteSourceControl",
      "location" : "https://github.com/frida/gir2swift.git",
      "state" : {
        "branch" : "development",
        "revision" : "8db74ed810bd768d6d667742fe9b4a72711739f7"
      }
    },
    {
      "identity" : "grdb.swift",
      "kind" : "remoteSourceControl",
      "location" : "https://github.com/groue/GRDB.swift",
      "state" : {
        "revision" : "36e30a6f1ef10e4194f6af0cff90888526f0c115",
        "version" : "7.10.0"
      }
    },
    {
      "identity" : "swift-argument-parser",
      "kind" : "remoteSourceControl",
      "location" : "https://github.com/apple/swift-argument-parser",
      "state" : {
        "revision" : "626b5b7b2f45e1b0b1c6f4a309296d1d21d7311b",
        "version" : "1.7.1"
      }
    },
    {
      "identity" : "swift-asn1",
      "kind" : "remoteSourceControl",
      "location" : "https://github.com/apple/swift-asn1.git",
      "state" : {
        "revision" : "9f542610331815e29cc3821d3b6f488db8715517",
        "version" : "1.6.0"
      }
    },
    {
      "identity" : "swift-crypto",
      "kind" : "remoteSourceControl",
      "location" : "https://github.com/apple/swift-crypto",
      "state" : {
        "revision" : "95ba0316a9b733e92bb6b071255ff46263bbe7dc",
        "version" : "3.15.1"
      }
    },
    {
      "identity" : "swiftatk",
      "kind" : "remoteSourceControl",
      "location" : "https://github.com/rhx/SwiftAtk.git",
      "state" : {
        "branch" : "development",
        "revision" : "ec621792303d1cdd54c9d0ac7e0e4d822b4019e4"
      }
    },
    {
      "identity" : "swiftcairo",
      "kind" : "remoteSourceControl",
      "location" : "https://github.com/rhx/SwiftCairo.git",
      "state" : {
        "branch" : "development",
        "revision" : "5e9481bd1fdaa0ead5691d60679cede7fc0916ca"
      }
    },
    {
      "identity" : "swiftgdk",
      "kind" : "remoteSourceControl",
      "location" : "https://github.com/rhx/SwiftGdk.git",
      "state" : {
        "branch" : "gtk4-development",
        "revision" : "b59607e1bed54eeb624a089ca10ea7d6796762ff"
      }
    },
    {
      "identity" : "swiftgdkpixbuf",
      "kind" : "remoteSourceControl",
      "location" : "https://github.com/rhx/SwiftGdkPixbuf.git",
      "state" : {
        "branch" : "development",
        "revision" : "c3bf8636dfdc9432fc1a5196d2feeb3d286a62b4"
      }
    },
    {
      "identity" : "swiftgio",
      "kind" : "remoteSourceControl",
      "location" : "https://github.com/rhx/SwiftGIO.git",
      "state" : {
        "branch" : "development",
        "revision" : "8b89ff37e53f641d915c85bd19aba0e8e1e9e623"
      }
    },
    {
      "identity" : "swiftglib",
      "kind" : "remoteSourceControl",
      "location" : "https://github.com/rhx/SwiftGLib.git",
      "state" : {
        "branch" : "development",
        "revision" : "e1640c1a7f84dea6e26a46aa6b9db5a2dc8bb17f"
      }
    },
    {
      "identity" : "swiftgmodule",
      "kind" : "remoteSourceControl",
      "location" : "https://github.com/rhx/SwiftGModule.git",
      "state" : {
        "branch" : "development",
        "revision" : "bd571cb9d2dd63f26169482155ac2a10cb6bc2c5"
      }
    },
    {
      "identity" : "swiftgobject",
      "kind" : "remoteSourceControl",
      "location" : "https://github.com/rhx/SwiftGObject.git",
      "state" : {
        "branch" : "development",
        "revision" : "f8d4954086cb0fe5dd56fd8c97a055eba8ccbc8c"
      }
    },
    {
      "identity" : "swiftgraphene",
      "kind" : "remoteSourceControl",
      "location" : "https://github.com/rhx/SwiftGraphene.git",
      "state" : {
        "branch" : "development",
        "revision" : "c55687e0eb1cd722f9bd915e0aaf7ed0ce09d3ec"
      }
    },
    {
      "identity" : "swiftgsk",
      "kind" : "remoteSourceControl",
      "location" : "https://github.com/rhx/SwiftGsk.git",
      "state" : {
        "branch" : "development",
        "revision" : "3d778a7028ca850f9a3407c4d08c1ef74f527f6e"
      }
    },
    {
      "identity" : "swiftgtk",
      "kind" : "remoteSourceControl",
      "location" : "https://github.com/frida/SwiftGtk.git",
      "state" : {
        "branch" : "gtk4-development",
        "revision" : "b3cfb5d0f17886bdc9d4dc12d65ce30e3e3733ce"
      }
    },
    {
      "identity" : "swiftharfbuzz",
      "kind" : "remoteSourceControl",
      "location" : "https://github.com/rhx/SwiftHarfBuzz.git",
      "state" : {
        "branch" : "development",
        "revision" : "52bb03287b08d9b8aa4314671a08930e30dd1a11"
      }
    },
    {
      "identity" : "swiftlibxml",
      "kind" : "remoteSourceControl",
      "location" : "https://github.com/frida/SwiftLibXML.git",
      "state" : {
        "branch" : "main",
        "revision" : "bf42585f43b95e2e9a2d7b0957c1697e2f54b332"
      }
    },
    {
      "identity" : "swiftpango",
      "kind" : "remoteSourceControl",
      "location" : "https://github.com/rhx/SwiftPango.git",
      "state" : {
        "branch" : "development",
        "revision" : "72d2e9220b29ecc032b57031a0c9d58179b0a775"
      }
    },
    {
      "identity" : "swiftpangocairo",
      "kind" : "remoteSourceControl",
      "location" : "https://github.com/rhx/SwiftPangoCairo.git",
      "state" : {
        "branch" : "development",
        "revision" : "4eafd01f85504784a91a585a4d4f50fce4857da3"
      }
    },
    {
      "identity" : "swiftyr2",
      "kind" : "remoteSourceControl",
      "location" : "https://github.com/radareorg/SwiftyR2",
      "state" : {
        "branch" : "main",
        "revision" : "4e0b36f631b9420cabbb3b0bc9e1551ed47a5d1e"
      }
    },
    {
      "identity" : "yams",
      "kind" : "remoteSourceControl",
      "location" : "https://github.com/jpsim/Yams.git",
      "state" : {
        "revision" : "9ff1cc9327586db4e0c8f46f064b6a82ec1566fa",
        "version" : "4.0.6"
      }
    }
  ],
  "version" : 3
}