{
  "originHash" : "fa533fb8bc9e489da1fef38a03ab6357de4e20890e82ffbb54f37f2846e748df",
  "pins" : [
    {
      "identity" : "frida-swift",
      "kind" : "remoteSourceControl",
      "location" : "https://github.com/frida/frida-swift",
      "state" : {
        "branch" : "main",
        "revision" : "467d0360c2cc8ae7db9444316656b4154d22213d"
      }
    },
    {
      "identity" : "grdb.swift",
      "kind" : "remoteSourceControl",
      "location" : "https://github.com/groue/GRDB.swift",
      "state" : {
        "revision" : "36e30a6f1ef10e4194f6af0cff90888526f0c115",
        "version" : "7.10.0"
      }
    },
    {
      "identity" : "swift-asn1",
      "kind" : "remoteSourceControl",
      "location" : "https://github.com/apple/swift-asn1.git",
      "state" : {
        "revision" : "eb50cbd14606a9161cbc5d452f18797c90ef0bab",
        "version" : "1.7.0"
      }
    },
    {
      "identity" : "swift-crypto",
      "kind" : "remoteSourceControl",
      "location" : "https://github.com/apple/swift-crypto",
      "state" : {
        "revision" : "95ba0316a9b733e92bb6b071255ff46263bbe7dc",
        "version" : "3.15.1"
      }
    },
    {
      "identity" : "swiftypharo",
      "kind" : "remoteSourceControl",
      "location" : "https://github.com/frida/SwiftyPharo",
      "state" : {
        "branch" : "main",
        "revision" : "55c5099754e53cd66958ad6b6845c6e2c7243194"
      }
    },
    {
      "identity" : "swiftyr2",
      "kind" : "remoteSourceControl",
      "location" : "https://github.com/radareorg/SwiftyR2",
      "state" : {
        "branch" : "main",
        "revision" : "e040117b2dcac975ffc7f4130a6721ee327098da"
      }
    }
  ],
  "version" : 3
}
