{
  "originHash" : "c1b3127b517adff70d9b70822802e549062c7396a75535fd37f3f049e6f185c8",
  "pins" : [
    {
      "identity" : "frida-swift",
      "kind" : "remoteSourceControl",
      "location" : "https://github.com/frida/frida-swift",
      "state" : {
        "branch" : "main",
        "revision" : "1917fc593f4317542862b08ad32c21a03652c8c7"
      }
    },
    {
      "identity" : "grdb.swift",
      "kind" : "remoteSourceControl",
      "location" : "https://github.com/groue/GRDB.swift",
      "state" : {
        "revision" : "36e30a6f1ef10e4194f6af0cff90888526f0c115",
        "version" : "7.10.0"
      }
    },
    {
      "identity" : "swift-asn1",
      "kind" : "remoteSourceControl",
      "location" : "https://github.com/apple/swift-asn1.git",
      "state" : {
        "revision" : "9f542610331815e29cc3821d3b6f488db8715517",
        "version" : "1.6.0"
      }
    },
    {
      "identity" : "swift-crypto",
      "kind" : "remoteSourceControl",
      "location" : "https://github.com/apple/swift-crypto",
      "state" : {
        "revision" : "95ba0316a9b733e92bb6b071255ff46263bbe7dc",
        "version" : "3.15.1"
      }
    },
    {
      "identity" : "swiftyr2",
      "kind" : "remoteSourceControl",
      "location" : "https://github.com/radareorg/SwiftyR2",
      "state" : {
        "branch" : "main",
        "revision" : "93691158ba4e5a49e5530b4d377d6d671eedf6d7"
      }
    }
  ],
  "version" : 3
}
