{
  "originHash" : "1bcf083ff2efbc567e0246f2d44d56e9073a5e5f3f252c969b56c9d8eab0845d",
  "pins" : [
    {
      "identity" : "frida-swift",
      "kind" : "remoteSourceControl",
      "location" : "https://github.com/frida/frida-swift",
      "state" : {
        "branch" : "main",
        "revision" : "976ed4bcce1ecb337c006895626b1d595311a2af"
      }
    },
    {
      "identity" : "swiftymonaco",
      "kind" : "remoteSourceControl",
      "location" : "https://github.com/frida/SwiftyMonaco",
      "state" : {
        "branch" : "main",
        "revision" : "31a6b85179798a0ffe95f302eb98250725b48eeb"
      }
    }
  ],
  "version" : 3
}
