{
  "originHash" : "2f4750a526e90d3865a3ffa26e20df6a47fb4b45a94d6cc8a1a8ededf21dc265",
  "pins" : [
    {
      "identity" : "frida-swift",
      "kind" : "remoteSourceControl",
      "location" : "https://github.com/frida/frida-swift",
      "state" : {
        "branch" : "main",
        "revision" : "976ed4bcce1ecb337c006895626b1d595311a2af"
      }
    },
    {
      "identity" : "swiftymonaco",
      "kind" : "remoteSourceControl",
      "location" : "https://github.com/frida/SwiftyMonaco",
      "state" : {
        "branch" : "main",
        "revision" : "31a6b85179798a0ffe95f302eb98250725b48eeb"
      }
    },
    {
      "identity" : "swiftyr2",
      "kind" : "remoteSourceControl",
      "location" : "https://github.com/radareorg/SwiftyR2",
      "state" : {
        "branch" : "main",
        "revision" : "c05b2f0b421f82a67051eda099c5b07457ce733d"
      }
    }
  ],
  "version" : 3
}
