{
  "originHash" : "4acb367cfe02d5af5b5c51154dde317c003dfc088c682c004da1ea934933ab94",
  "pins" : [
    {
      "identity" : "frida-swift",
      "kind" : "remoteSourceControl",
      "location" : "https://github.com/frida/frida-swift",
      "state" : {
        "branch" : "main",
        "revision" : "795f3d71e2d8296543f00ed1826fc4952946d8ff"
      }
    },
    {
      "identity" : "swiftyr2",
      "kind" : "remoteSourceControl",
      "location" : "https://github.com/radareorg/SwiftyR2",
      "state" : {
        "branch" : "main",
        "revision" : "7045b04b7dbf51879e83da7c14d7f5253630c5a9"
      }
    }
  ],
  "version" : 3
}
